
Microsoft Visual Studio Solution File, Format Version 12.00
# Visual Studio Version 17
VisualStudioVersion = 17.13.35825.156
MinimumVisualStudioVersion = 10.0.40219.1
Project("{FAE04EC0-301F-11D3-BF4B-00C04F79EFBC}") = "Products.Service", "Products.Service\Products.Service.csproj", "{BD7599DE-D746-5ECA-071C-6E623BF67D8E}"
EndProject
Project("{FAE04EC0-301F-11D3-BF4B-00C04F79EFBC}") = "Orders.Service", "Orders.Service\Orders.Service.csproj", "{4388B273-4338-300D-7A3B-8352DFE4E7A3}"
EndProject
Project("{FAE04EC0-301F-11D3-BF4B-00C04F79EFBC}") = "ApiGateway", "ApiGateway\ApiGateway.csproj", "{ABE66B30-BD47-A7B2-B17B-5BA67959B026}"
EndProject
Global
	GlobalSection(SolutionConfigurationPlatforms) = preSolution
		Debug|Any CPU = Debug|Any CPU
		Release|Any CPU = Release|Any CPU
	EndGlobalSection
	GlobalSection(ProjectConfigurationPlatforms) = postSolution
		{BD7599DE-D746-5ECA-071C-6E623BF67D8E}.Debug|Any CPU.ActiveCfg = Debug|Any CPU
		{BD7599DE-D746-5ECA-071C-6E623BF67D8E}.Debug|Any CPU.Build.0 = Debug|Any CPU
		{BD7599DE-D746-5ECA-071C-6E623BF67D8E}.Release|Any CPU.ActiveCfg = Release|Any CPU
		{BD7599DE-D746-5ECA-071C-6E623BF67D8E}.Release|Any CPU.Build.0 = Release|Any CPU
		{4388B273-4338-300D-7A3B-8352DFE4E7A3}.Debug|Any CPU.ActiveCfg = Debug|Any CPU
		{4388B273-4338-300D-7A3B-8352DFE4E7A3}.Debug|Any CPU.Build.0 = Debug|Any CPU
		{4388B273-4338-300D-7A3B-8352DFE4E7A3}.Release|Any CPU.ActiveCfg = Release|Any CPU
		{4388B273-4338-300D-7A3B-8352DFE4E7A3}.Release|Any CPU.Build.0 = Release|Any CPU
		{ABE66B30-BD47-A7B2-B17B-5BA67959B026}.Debug|Any CPU.ActiveCfg = Debug|Any CPU
		{ABE66B30-BD47-A7B2-B17B-5BA67959B026}.Debug|Any CPU.Build.0 = Debug|Any CPU
		{ABE66B30-BD47-A7B2-B17B-5BA67959B026}.Release|Any CPU.ActiveCfg = Release|Any CPU
		{ABE66B30-BD47-A7B2-B17B-5BA67959B026}.Release|Any CPU.Build.0 = Release|Any CPU
	EndGlobalSection
	GlobalSection(SolutionProperties) = preSolution
		HideSolutionNode = FALSE
	EndGlobalSection
	GlobalSection(ExtensibilityGlobals) = postSolution
		SolutionGuid = {D98F4F54-6974-4BC4-81C1-644B6BAB7F21}
	EndGlobalSection
EndGlobal
